
Microsoft Visual Studio Solution File, Format Version 9.00
# Visual Studio 2005
Project("{8BC9CEB8-8B4A-11D0-8D11-00A0C91BC942}") = "Mirth Manager", "Mirth Manager\Mirth Manager.vcproj", "{29F27D98-B6DE-4C16-81CE-78B5C18BF284}"
EndProject
Project("{8BC9CEB8-8B4A-11D0-8D11-00A0C91BC942}") = "Mirth", "Mirth\Mirth.vcproj", "{2A47EF12-A951-43C9-88BC-23C4AE217A45}"
EndProject
Global
	GlobalSection(SolutionConfigurationPlatforms) = preSolution
		Debug|Win32 = Debug|Win32
		Release|Win32 = Release|Win32
	EndGlobalSection
	GlobalSection(ProjectConfigurationPlatforms) = postSolution
		{29F27D98-B6DE-4C16-81CE-78B5C18BF284}.Debug|Win32.ActiveCfg = Debug|Win32
		{29F27D98-B6DE-4C16-81CE-78B5C18BF284}.Debug|Win32.Build.0 = Debug|Win32
		{29F27D98-B6DE-4C16-81CE-78B5C18BF284}.Release|Win32.ActiveCfg = Release|Win32
		{29F27D98-B6DE-4C16-81CE-78B5C18BF284}.Release|Win32.Build.0 = Release|Win32
		{2A47EF12-A951-43C9-88BC-23C4AE217A45}.Debug|Win32.ActiveCfg = Debug|Win32
		{2A47EF12-A951-43C9-88BC-23C4AE217A45}.Debug|Win32.Build.0 = Debug|Win32
		{2A47EF12-A951-43C9-88BC-23C4AE217A45}.Release|Win32.ActiveCfg = Release|Win32
		{2A47EF12-A951-43C9-88BC-23C4AE217A45}.Release|Win32.Build.0 = Release|Win32
	EndGlobalSection
	GlobalSection(SolutionProperties) = preSolution
		HideSolutionNode = FALSE
	EndGlobalSection
EndGlobal
